
Microsoft Visual Studio Solution File, Format Version 12.00
# Visual Studio Version 17
VisualStudioVersion = 17.3.32901.215
MinimumVisualStudioVersion = 10.0.40219.1
Project("{FAE04EC0-301F-11D3-BF4B-00C04F79EFBC}") = "eva2DWSiniciales", "eva2DWSiniciales\eva2DWSiniciales.csproj", "{8A55D75F-FA75-4836-BFCB-72FF6D79FAE4}"
EndProject
Project("{FAE04EC0-301F-11D3-BF4B-00C04F79EFBC}") = "Libreria", "Libreria\Libreria.csproj", "{08F61D64-9471-43D7-9BE5-0CD803E96C04}"
EndProject
Global
	GlobalSection(SolutionConfigurationPlatforms) = preSolution
		Debug|Any CPU = Debug|Any CPU
		Release|Any CPU = Release|Any CPU
	EndGlobalSection
	GlobalSection(ProjectConfigurationPlatforms) = postSolution
		{8A55D75F-FA75-4836-BFCB-72FF6D79FAE4}.Debug|Any CPU.ActiveCfg = Debug|Any CPU
		{8A55D75F-FA75-4836-BFCB-72FF6D79FAE4}.Debug|Any CPU.Build.0 = Debug|Any CPU
		{8A55D75F-FA75-4836-BFCB-72FF6D79FAE4}.Release|Any CPU.ActiveCfg = Release|Any CPU
		{8A55D75F-FA75-4836-BFCB-72FF6D79FAE4}.Release|Any CPU.Build.0 = Release|Any CPU
		{08F61D64-9471-43D7-9BE5-0CD803E96C04}.Debug|Any CPU.ActiveCfg = Debug|Any CPU
		{08F61D64-9471-43D7-9BE5-0CD803E96C04}.Debug|Any CPU.Build.0 = Debug|Any CPU
		{08F61D64-9471-43D7-9BE5-0CD803E96C04}.Release|Any CPU.ActiveCfg = Release|Any CPU
		{08F61D64-9471-43D7-9BE5-0CD803E96C04}.Release|Any CPU.Build.0 = Release|Any CPU
	EndGlobalSection
	GlobalSection(SolutionProperties) = preSolution
		HideSolutionNode = FALSE
	EndGlobalSection
	GlobalSection(ExtensibilityGlobals) = postSolution
		SolutionGuid = {D498B0D6-9D20-4291-8656-66285254A8EB}
	EndGlobalSection
EndGlobal
